
Microsoft Visual Studio Solution File, Format Version 12.00
# Visual Studio Version 16
VisualStudioVersion = 16.0.29001.49
MinimumVisualStudioVersion = 10.0.40219.1
Project("{FAE04EC0-301F-11D3-BF4B-00C04F79EFBC}") = "Equipos de beisbol 2 (maestro)", "Equipos de beisbol 2 (maestro)\Equipos de beisbol 2 (maestro).csproj", "{483BD7C8-3378-4205-9BE1-00ADB8D936EB}"
EndProject
Global
	GlobalSection(SolutionConfigurationPlatforms) = preSolution
		Debug|Any CPU = Debug|Any CPU
		Release|Any CPU = Release|Any CPU
	EndGlobalSection
	GlobalSection(ProjectConfigurationPlatforms) = postSolution
		{483BD7C8-3378-4205-9BE1-00ADB8D936EB}.Debug|Any CPU.ActiveCfg = Debug|Any CPU
		{483BD7C8-3378-4205-9BE1-00ADB8D936EB}.Debug|Any CPU.Build.0 = Debug|Any CPU
		{483BD7C8-3378-4205-9BE1-00ADB8D936EB}.Release|Any CPU.ActiveCfg = Release|Any CPU
		{483BD7C8-3378-4205-9BE1-00ADB8D936EB}.Release|Any CPU.Build.0 = Release|Any CPU
	EndGlobalSection
	GlobalSection(SolutionProperties) = preSolution
		HideSolutionNode = FALSE
	EndGlobalSection
	GlobalSection(ExtensibilityGlobals) = postSolution
		SolutionGuid = {DECB4DCB-F4F4-43A2-A7C5-F47E03C685A3}
	EndGlobalSection
EndGlobal
